
Microsoft Visual Studio Solution File, Format Version 12.00
# Visual Studio Version 17
VisualStudioVersion = 17.14.36414.22 d17.14
MinimumVisualStudioVersion = 10.0.40219.1
Project("{FAE04EC0-301F-11D3-BF4B-00C04F79EFBC}") = "Task_3", "Task_3\Task_3.csproj", "{8A221EE4-9BD8-4CA6-84BF-A95CD7CE3B71}"
EndProject
Project("{FAE04EC0-301F-11D3-BF4B-00C04F79EFBC}") = "Task_4", "Task_4\Task_4.csproj", "{EEB1744D-AE75-4218-8AF1-07594BB6CDC5}"
EndProject
Global
	GlobalSection(SolutionConfigurationPlatforms) = preSolution
		Debug|Any CPU = Debug|Any CPU
		Release|Any CPU = Release|Any CPU
	EndGlobalSection
	GlobalSection(ProjectConfigurationPlatforms) = postSolution
		{8A221EE4-9BD8-4CA6-84BF-A95CD7CE3B71}.Debug|Any CPU.ActiveCfg = Debug|Any CPU
		{8A221EE4-9BD8-4CA6-84BF-A95CD7CE3B71}.Debug|Any CPU.Build.0 = Debug|Any CPU
		{8A221EE4-9BD8-4CA6-84BF-A95CD7CE3B71}.Release|Any CPU.ActiveCfg = Release|Any CPU
		{8A221EE4-9BD8-4CA6-84BF-A95CD7CE3B71}.Release|Any CPU.Build.0 = Release|Any CPU
		{EEB1744D-AE75-4218-8AF1-07594BB6CDC5}.Debug|Any CPU.ActiveCfg = Debug|Any CPU
		{EEB1744D-AE75-4218-8AF1-07594BB6CDC5}.Debug|Any CPU.Build.0 = Debug|Any CPU
		{EEB1744D-AE75-4218-8AF1-07594BB6CDC5}.Release|Any CPU.ActiveCfg = Release|Any CPU
		{EEB1744D-AE75-4218-8AF1-07594BB6CDC5}.Release|Any CPU.Build.0 = Release|Any CPU
	EndGlobalSection
	GlobalSection(SolutionProperties) = preSolution
		HideSolutionNode = FALSE
	EndGlobalSection
	GlobalSection(ExtensibilityGlobals) = postSolution
		SolutionGuid = {138CF238-9A77-4624-A3C2-0D5808ACE725}
	EndGlobalSection
EndGlobal
